
Microsoft Visual Studio Solution File, Format Version 12.00
# Visual Studio Version 17
VisualStudioVersion = 17.11.35219.272
MinimumVisualStudioVersion = 10.0.40219.1
Project("{FAE04EC0-301F-11D3-BF4B-00C04F79EFBC}") = "CuboDeUnNumero", "CuboDeUnNumero\CuboDeUnNumero.csproj", "{7FC67F49-5840-49B0-BB72-3CC2BEB8A141}"
EndProject
Global
	GlobalSection(SolutionConfigurationPlatforms) = preSolution
		Debug|Any CPU = Debug|Any CPU
		Release|Any CPU = Release|Any CPU
	EndGlobalSection
	GlobalSection(ProjectConfigurationPlatforms) = postSolution
		{7FC67F49-5840-49B0-BB72-3CC2BEB8A141}.Debug|Any CPU.ActiveCfg = Debug|Any CPU
		{7FC67F49-5840-49B0-BB72-3CC2BEB8A141}.Debug|Any CPU.Build.0 = Debug|Any CPU
		{7FC67F49-5840-49B0-BB72-3CC2BEB8A141}.Release|Any CPU.ActiveCfg = Release|Any CPU
		{7FC67F49-5840-49B0-BB72-3CC2BEB8A141}.Release|Any CPU.Build.0 = Release|Any CPU
	EndGlobalSection
	GlobalSection(SolutionProperties) = preSolution
		HideSolutionNode = FALSE
	EndGlobalSection
	GlobalSection(ExtensibilityGlobals) = postSolution
		SolutionGuid = {14793F1B-F543-4F00-ADF1-A3E706813E95}
	EndGlobalSection
EndGlobal
